
Microsoft Visual Studio Solution File, Format Version 12.00
# Visual Studio Version 17
VisualStudioVersion = 17.4.32916.344
MinimumVisualStudioVersion = 10.0.40219.1
Project("{FAE04EC0-301F-11D3-BF4B-00C04F79EFBC}") = "PasswordGenerator", "PasswordGenerator\PasswordGenerator.csproj", "{DF88AD03-7E74-41AA-8781-5C51D039847C}"
EndProject
Global
	GlobalSection(SolutionConfigurationPlatforms) = preSolution
		Debug|Any CPU = Debug|Any CPU
		Release|Any CPU = Release|Any CPU
	EndGlobalSection
	GlobalSection(ProjectConfigurationPlatforms) = postSolution
		{DF88AD03-7E74-41AA-8781-5C51D039847C}.Debug|Any CPU.ActiveCfg = Debug|Any CPU
		{DF88AD03-7E74-41AA-8781-5C51D039847C}.Debug|Any CPU.Build.0 = Debug|Any CPU
		{DF88AD03-7E74-41AA-8781-5C51D039847C}.Release|Any CPU.ActiveCfg = Release|Any CPU
		{DF88AD03-7E74-41AA-8781-5C51D039847C}.Release|Any CPU.Build.0 = Release|Any CPU
	EndGlobalSection
	GlobalSection(SolutionProperties) = preSolution
		HideSolutionNode = FALSE
	EndGlobalSection
	GlobalSection(ExtensibilityGlobals) = postSolution
		SolutionGuid = {D5D585BC-D1C5-4001-AF83-D476D3290518}
	EndGlobalSection
EndGlobal
